Microsoft Visual Studio Solution File, Format Version 11.00
# Visual Studio 2008

Project("{45ADF995-9A0A-28DD-51D2-6016EDE73937}") = "YourOffGoingLine(mike)", "Assembly-CSharp.csproj", "{6B9E354A-2012-1CAF-5E83-61B18EEBC7A6}"
EndProject
Global
	GlobalSection(SolutionConfigurationPlatforms) = preSolution
		Debug|Any CPU = Debug|Any CPU
		Release|Any CPU = Release|Any CPU
	EndGlobalSection
	GlobalSection(ProjectConfigurationPlatforms) = postSolution
		{6B9E354A-2012-1CAF-5E83-61B18EEBC7A6}.Debug|Any CPU.ActiveCfg = Debug|Any CPU
		{6B9E354A-2012-1CAF-5E83-61B18EEBC7A6}.Debug|Any CPU.Build.0 = Debug|Any CPU
		{6B9E354A-2012-1CAF-5E83-61B18EEBC7A6}.Release|Any CPU.ActiveCfg = Release|Any CPU
		{6B9E354A-2012-1CAF-5E83-61B18EEBC7A6}.Release|Any CPU.Build.0 = Release|Any CPU
	EndGlobalSection
	GlobalSection(SolutionProperties) = preSolution
		HideSolutionNode = FALSE
	EndGlobalSection
	GlobalSection(MonoDevelopProperties) = preSolution
		StartupItem = Assembly-CSharp.csproj
	EndGlobalSection
EndGlobal
